
Microsoft Visual Studio Solution File, Format Version 12.00
# Visual Studio Version 16
VisualStudioVersion = 16.0.30104.148
MinimumVisualStudioVersion = 10.0.40219.1
Project("{9A19103F-16F7-4668-BE54-9A1E7A4F7556}") = "EventCalendar", "EventCalendar\EventCalendar.csproj", "{3F50FFF7-18E9-4985-A10E-81E5C05C58CB}"
EndProject
Project("{9A19103F-16F7-4668-BE54-9A1E7A4F7556}") = "EventCalender.Test", "EventCalender.Test\EventCalender.Test.csproj", "{EC1CA829-6C5F-4B15-A59F-5B190CC5C964}"
EndProject
Global
	GlobalSection(SolutionConfigurationPlatforms) = preSolution
		Debug|Any CPU = Debug|Any CPU
		Release|Any CPU = Release|Any CPU
	EndGlobalSection
	GlobalSection(ProjectConfigurationPlatforms) = postSolution
		{3F50FFF7-18E9-4985-A10E-81E5C05C58CB}.Debug|Any CPU.ActiveCfg = Debug|Any CPU
		{3F50FFF7-18E9-4985-A10E-81E5C05C58CB}.Debug|Any CPU.Build.0 = Debug|Any CPU
		{3F50FFF7-18E9-4985-A10E-81E5C05C58CB}.Release|Any CPU.ActiveCfg = Release|Any CPU
		{3F50FFF7-18E9-4985-A10E-81E5C05C58CB}.Release|Any CPU.Build.0 = Release|Any CPU
		{EC1CA829-6C5F-4B15-A59F-5B190CC5C964}.Debug|Any CPU.ActiveCfg = Debug|Any CPU
		{EC1CA829-6C5F-4B15-A59F-5B190CC5C964}.Debug|Any CPU.Build.0 = Debug|Any CPU
		{EC1CA829-6C5F-4B15-A59F-5B190CC5C964}.Release|Any CPU.ActiveCfg = Release|Any CPU
		{EC1CA829-6C5F-4B15-A59F-5B190CC5C964}.Release|Any CPU.Build.0 = Release|Any CPU
	EndGlobalSection
	GlobalSection(SolutionProperties) = preSolution
		HideSolutionNode = FALSE
	EndGlobalSection
	GlobalSection(ExtensibilityGlobals) = postSolution
		SolutionGuid = {17B69FCF-85B3-4851-BD46-C7A9792E7324}
	EndGlobalSection
EndGlobal
